// !$*UTF8*$!
{
	archiveVersion = 1;
	classes = {
	};
	objectVersion = 48;
	objects = {

/* Begin PBXBuildFile section */
		D36926B41FCE527E00A00D12 /* libc++.tbd in Frameworks */ = {isa = PBXBuildFile; fileRef = D36926A91FCE4F7100A00D12 /* libc++.tbd */; };
		D36926E81FCEBEAE00A00D12 /* MVYSDKAuthTool.h in Headers */ = {isa = PBXBuildFile; fileRef = D36926E61FCEBEAE00A00D12 /* MVYSDKAuthTool.h */; settings = {ATTRIBUTES = (Public, ); }; };
		D36926E91FCEBEAE00A00D12 /* MVYSDKAuthTool.m in Sources */ = {isa = PBXBuildFile; fileRef = D36926E71FCEBEAE00A00D12 /* MVYSDKAuthTool.m */; };
		D36926F31FCEC9BB00A00D12 /* libz.tbd in Frameworks */ = {isa = PBXBuildFile; fileRef = D36926F21FCEC9BB00A00D12 /* libz.tbd */; };
		D36926F51FCEC9DA00A00D12 /* libiconv.tbd in Frameworks */ = {isa = PBXBuildFile; fileRef = D36926F41FCEC9DA00A00D12 /* libiconv.tbd */; };
		D37926EF1FCD081A007DB5E8 /* GiftRenderKit.h in Headers */ = {isa = PBXBuildFile; fileRef = D37926ED1FCD081A007DB5E8 /* GiftRenderKit.h */; settings = {ATTRIBUTES = (Public, ); }; };
		D390964224E18B1C006D507B /* libavutil.a in Frameworks */ = {isa = PBXBuildFile; fileRef = D390963424E18B1C006D507B /* libavutil.a */; };
		D390964324E18B1C006D507B /* libavfilter.a in Frameworks */ = {isa = PBXBuildFile; fileRef = D390963524E18B1C006D507B /* libavfilter.a */; };
		D390964424E18B1C006D507B /* libavcodec.a in Frameworks */ = {isa = PBXBuildFile; fileRef = D390963624E18B1C006D507B /* libavcodec.a */; };
		D390964524E18B1C006D507B /* libavformat.a in Frameworks */ = {isa = PBXBuildFile; fileRef = D390963724E18B1C006D507B /* libavformat.a */; };
		D390964624E18B1C006D507B /* libavdevice.a in Frameworks */ = {isa = PBXBuildFile; fileRef = D390963824E18B1C006D507B /* libavdevice.a */; };
		D390964724E18B1C006D507B /* libswresample.a in Frameworks */ = {isa = PBXBuildFile; fileRef = D390963924E18B1C006D507B /* libswresample.a */; };
		D390964824E18B1C006D507B /* libswscale.a in Frameworks */ = {isa = PBXBuildFile; fileRef = D390963A24E18B1C006D507B /* libswscale.a */; };
		D390964924E18B1C006D507B /* libdav1d.a in Frameworks */ = {isa = PBXBuildFile; fileRef = D390963B24E18B1C006D507B /* libdav1d.a */; };
		D390964A24E18B1C006D507B /* TinyGiftRenderAuth.mm in Sources */ = {isa = PBXBuildFile; fileRef = D390963C24E18B1C006D507B /* TinyGiftRenderAuth.mm */; };
		D390964B24E18B1C006D507B /* libgiftrender.a in Frameworks */ = {isa = PBXBuildFile; fileRef = D390963D24E18B1C006D507B /* libgiftrender.a */; };
		D390964C24E18B1D006D507B /* render_api.h in Headers */ = {isa = PBXBuildFile; fileRef = D390963E24E18B1C006D507B /* render_api.h */; };
		D390964D24E18B1D006D507B /* TinyGiftRender.mm in Sources */ = {isa = PBXBuildFile; fileRef = D390963F24E18B1C006D507B /* TinyGiftRender.mm */; };
		D390964E24E18B1D006D507B /* TinyGiftRenderAuth.h in Headers */ = {isa = PBXBuildFile; fileRef = D390964024E18B1C006D507B /* TinyGiftRenderAuth.h */; };
		D390964F24E18B1D006D507B /* TinyGiftRender.h in Headers */ = {isa = PBXBuildFile; fileRef = D390964124E18B1C006D507B /* TinyGiftRender.h */; };
		D3AE5C811FF34D3F004D476B /* MVYGiftRenderWrapper.h in Headers */ = {isa = PBXBuildFile; fileRef = D3AE5C7F1FF34D3F004D476B /* MVYGiftRenderWrapper.h */; settings = {ATTRIBUTES = (Public, ); }; };
		D3AE5C821FF34D3F004D476B /* MVYGiftRenderWrapper.m in Sources */ = {isa = PBXBuildFile; fileRef = D3AE5C801FF34D3F004D476B /* MVYGiftRenderWrapper.m */; };
/* End PBXBuildFile section */

/* Begin PBXFileReference section */
		236F992723B2122B00248574 /* libdav1d.a */ = {isa = PBXFileReference; lastKnownFileType = archive.ar; name = libdav1d.a; path = "../aos-dav1d-android-builder/build-ios-arm64/lib/libdav1d.a"; sourceTree = "<group>"; };
		236F992923B212AC00248574 /* libdav1d.a */ = {isa = PBXFileReference; lastKnownFileType = archive.ar; name = libdav1d.a; path = GiftRenderLib/FFmpeg/libdav1d.a; sourceTree = "<group>"; };
		D36926A91FCE4F7100A00D12 /* libc++.tbd */ = {isa = PBXFileReference; lastKnownFileType = "sourcecode.text-based-dylib-definition"; name = "libc++.tbd"; path = "usr/lib/libc++.tbd"; sourceTree = SDKROOT; };
		D36926E61FCEBEAE00A00D12 /* MVYSDKAuthTool.h */ = {isa = PBXFileReference; lastKnownFileType = sourcecode.c.h; path = MVYSDKAuthTool.h; sourceTree = "<group>"; };
		D36926E71FCEBEAE00A00D12 /* MVYSDKAuthTool.m */ = {isa = PBXFileReference; lastKnownFileType = sourcecode.c.objc; path = MVYSDKAuthTool.m; sourceTree = "<group>"; };
		D36926F21FCEC9BB00A00D12 /* libz.tbd */ = {isa = PBXFileReference; lastKnownFileType = "sourcecode.text-based-dylib-definition"; name = libz.tbd; path = usr/lib/libz.tbd; sourceTree = SDKROOT; };
		D36926F41FCEC9DA00A00D12 /* libiconv.tbd */ = {isa = PBXFileReference; lastKnownFileType = "sourcecode.text-based-dylib-definition"; name = libiconv.tbd; path = usr/lib/libiconv.tbd; sourceTree = SDKROOT; };
		D37926EA1FCD081A007DB5E8 /* GiftRenderKit.framework */ = {isa = PBXFileReference; explicitFileType = wrapper.framework; includeInIndex = 0; path = GiftRenderKit.framework; sourceTree = BUILT_PRODUCTS_DIR; };
		D37926ED1FCD081A007DB5E8 /* GiftRenderKit.h */ = {isa = PBXFileReference; lastKnownFileType = sourcecode.c.h; path = GiftRenderKit.h; sourceTree = "<group>"; };
		D37926EE1FCD081A007DB5E8 /* Info.plist */ = {isa = PBXFileReference; lastKnownFileType = text.plist.xml; path = Info.plist; sourceTree = "<group>"; };
		D390963424E18B1C006D507B /* libavutil.a */ = {isa = PBXFileReference; lastKnownFileType = archive.ar; path = libavutil.a; sourceTree = "<group>"; };
		D390963524E18B1C006D507B /* libavfilter.a */ = {isa = PBXFileReference; lastKnownFileType = archive.ar; path = libavfilter.a; sourceTree = "<group>"; };
		D390963624E18B1C006D507B /* libavcodec.a */ = {isa = PBXFileReference; lastKnownFileType = archive.ar; path = libavcodec.a; sourceTree = "<group>"; };
		D390963724E18B1C006D507B /* libavformat.a */ = {isa = PBXFileReference; lastKnownFileType = archive.ar; path = libavformat.a; sourceTree = "<group>"; };
		D390963824E18B1C006D507B /* libavdevice.a */ = {isa = PBXFileReference; lastKnownFileType = archive.ar; path = libavdevice.a; sourceTree = "<group>"; };
		D390963924E18B1C006D507B /* libswresample.a */ = {isa = PBXFileReference; lastKnownFileType = archive.ar; path = libswresample.a; sourceTree = "<group>"; };
		D390963A24E18B1C006D507B /* libswscale.a */ = {isa = PBXFileReference; lastKnownFileType = archive.ar; path = libswscale.a; sourceTree = "<group>"; };
		D390963B24E18B1C006D507B /* libdav1d.a */ = {isa = PBXFileReference; lastKnownFileType = archive.ar; path = libdav1d.a; sourceTree = "<group>"; };
		D390963C24E18B1C006D507B /* TinyGiftRenderAuth.mm */ = {isa = PBXFileReference; fileEncoding = 4; lastKnownFileType = sourcecode.cpp.objcpp; path = TinyGiftRenderAuth.mm; sourceTree = "<group>"; };
		D390963D24E18B1C006D507B /* libgiftrender.a */ = {isa = PBXFileReference; lastKnownFileType = archive.ar; path = libgiftrender.a; sourceTree = "<group>"; };
		D390963E24E18B1C006D507B /* render_api.h */ = {isa = PBXFileReference; fileEncoding = 4; lastKnownFileType = sourcecode.c.h; path = render_api.h; sourceTree = "<group>"; };
		D390963F24E18B1C006D507B /* TinyGiftRender.mm */ = {isa = PBXFileReference; fileEncoding = 4; lastKnownFileType = sourcecode.cpp.objcpp; path = TinyGiftRender.mm; sourceTree = "<group>"; };
		D390964024E18B1C006D507B /* TinyGiftRenderAuth.h */ = {isa = PBXFileReference; fileEncoding = 4; lastKnownFileType = sourcecode.c.h; path = TinyGiftRenderAuth.h; sourceTree = "<group>"; };
		D390964124E18B1C006D507B /* TinyGiftRender.h */ = {isa = PBXFileReference; fileEncoding = 4; lastKnownFileType = sourcecode.c.h; path = TinyGiftRender.h; sourceTree = "<group>"; };
		D3AE5C7F1FF34D3F004D476B /* MVYGiftRenderWrapper.h */ = {isa = PBXFileReference; lastKnownFileType = sourcecode.c.h; path = MVYGiftRenderWrapper.h; sourceTree = "<group>"; };
		D3AE5C801FF34D3F004D476B /* MVYGiftRenderWrapper.m */ = {isa = PBXFileReference; lastKnownFileType = sourcecode.c.objc; path = MVYGiftRenderWrapper.m; sourceTree = "<group>"; };
		D3F391541FD2AC11009274DE /* OpenAL.framework */ = {isa = PBXFileReference; lastKnownFileType = wrapper.framework; name = OpenAL.framework; path = System/Library/Frameworks/OpenAL.framework; sourceTree = SDKROOT; };
/* End PBXFileReference section */

/* Begin PBXFrameworksBuildPhase section */
		D37926E61FCD081A007DB5E8 /* Frameworks */ = {
			isa = PBXFrameworksBuildPhase;
			buildActionMask = 2147483647;
			files = (
				D36926B41FCE527E00A00D12 /* libc++.tbd in Frameworks */,
				D390964724E18B1C006D507B /* libswresample.a in Frameworks */,
				D390964324E18B1C006D507B /* libavfilter.a in Frameworks */,
				D390964624E18B1C006D507B /* libavdevice.a in Frameworks */,
				D390964524E18B1C006D507B /* libavformat.a in Frameworks */,
				D36926F31FCEC9BB00A00D12 /* libz.tbd in Frameworks */,
				D390964824E18B1C006D507B /* libswscale.a in Frameworks */,
				D390964B24E18B1C006D507B /* libgiftrender.a in Frameworks */,
				D390964224E18B1C006D507B /* libavutil.a in Frameworks */,
				D36926F51FCEC9DA00A00D12 /* libiconv.tbd in Frameworks */,
				D390964424E18B1C006D507B /* libavcodec.a in Frameworks */,
				D390964924E18B1C006D507B /* libdav1d.a in Frameworks */,
			);
			runOnlyForDeploymentPostprocessing = 0;
		};
/* End PBXFrameworksBuildPhase section */

/* Begin PBXGroup section */
		D36926A81FCE4F7100A00D12 /* Frameworks */ = {
			isa = PBXGroup;
			children = (
				236F992723B2122B00248574 /* libdav1d.a */,
				236F992923B212AC00248574 /* libdav1d.a */,
				D3F391541FD2AC11009274DE /* OpenAL.framework */,
				D36926F41FCEC9DA00A00D12 /* libiconv.tbd */,
				D36926F21FCEC9BB00A00D12 /* libz.tbd */,
				D36926A91FCE4F7100A00D12 /* libc++.tbd */,
			);
			name = Frameworks;
			sourceTree = "<group>";
		};
		D37926E01FCD081A007DB5E8 = {
			isa = PBXGroup;
			children = (
				D37926EC1FCD081A007DB5E8 /* GiftRenderKit */,
				D37926EB1FCD081A007DB5E8 /* Products */,
				D36926A81FCE4F7100A00D12 /* Frameworks */,
			);
			sourceTree = "<group>";
		};
		D37926EB1FCD081A007DB5E8 /* Products */ = {
			isa = PBXGroup;
			children = (
				D37926EA1FCD081A007DB5E8 /* GiftRenderKit.framework */,
			);
			name = Products;
			sourceTree = "<group>";
		};
		D37926EC1FCD081A007DB5E8 /* GiftRenderKit */ = {
			isa = PBXGroup;
			children = (
				D36926E61FCEBEAE00A00D12 /* MVYSDKAuthTool.h */,
				D36926E71FCEBEAE00A00D12 /* MVYSDKAuthTool.m */,
				D3AE5C7F1FF34D3F004D476B /* MVYGiftRenderWrapper.h */,
				D3AE5C801FF34D3F004D476B /* MVYGiftRenderWrapper.m */,
				D390963224E18B1C006D507B /* GiftRenderLib */,
				D37926ED1FCD081A007DB5E8 /* GiftRenderKit.h */,
				D37926EE1FCD081A007DB5E8 /* Info.plist */,
			);
			path = GiftRenderKit;
			sourceTree = "<group>";
		};
		D390963224E18B1C006D507B /* GiftRenderLib */ = {
			isa = PBXGroup;
			children = (
				D390963324E18B1C006D507B /* FFmpeg */,
				D390963C24E18B1C006D507B /* TinyGiftRenderAuth.mm */,
				D390963D24E18B1C006D507B /* libgiftrender.a */,
				D390963E24E18B1C006D507B /* render_api.h */,
				D390963F24E18B1C006D507B /* TinyGiftRender.mm */,
				D390964024E18B1C006D507B /* TinyGiftRenderAuth.h */,
				D390964124E18B1C006D507B /* TinyGiftRender.h */,
			);
			path = GiftRenderLib;
			sourceTree = "<group>";
		};
		D390963324E18B1C006D507B /* FFmpeg */ = {
			isa = PBXGroup;
			children = (
				D390963424E18B1C006D507B /* libavutil.a */,
				D390963524E18B1C006D507B /* libavfilter.a */,
				D390963624E18B1C006D507B /* libavcodec.a */,
				D390963724E18B1C006D507B /* libavformat.a */,
				D390963824E18B1C006D507B /* libavdevice.a */,
				D390963924E18B1C006D507B /* libswresample.a */,
				D390963A24E18B1C006D507B /* libswscale.a */,
				D390963B24E18B1C006D507B /* libdav1d.a */,
			);
			path = FFmpeg;
			sourceTree = "<group>";
		};
/* End PBXGroup section */

/* Begin PBXHeadersBuildPhase section */
		D37926E71FCD081A007DB5E8 /* Headers */ = {
			isa = PBXHeadersBuildPhase;
			buildActionMask = 2147483647;
			files = (
				D3AE5C811FF34D3F004D476B /* MVYGiftRenderWrapper.h in Headers */,
				D390964C24E18B1D006D507B /* render_api.h in Headers */,
				D36926E81FCEBEAE00A00D12 /* MVYSDKAuthTool.h in Headers */,
				D390964F24E18B1D006D507B /* TinyGiftRender.h in Headers */,
				D390964E24E18B1D006D507B /* TinyGiftRenderAuth.h in Headers */,
				D37926EF1FCD081A007DB5E8 /* GiftRenderKit.h in Headers */,
			);
			runOnlyForDeploymentPostprocessing = 0;
		};
/* End PBXHeadersBuildPhase section */

/* Begin PBXNativeTarget section */
		D37926E91FCD081A007DB5E8 /* GiftRenderKit */ = {
			isa = PBXNativeTarget;
			buildConfigurationList = D37926F21FCD081A007DB5E8 /* Build configuration list for PBXNativeTarget "GiftRenderKit" */;
			buildPhases = (
				D37926E51FCD081A007DB5E8 /* Sources */,
				D37926E61FCD081A007DB5E8 /* Frameworks */,
				D37926E71FCD081A007DB5E8 /* Headers */,
				D37926E81FCD081A007DB5E8 /* Resources */,
			);
			buildRules = (
			);
			dependencies = (
			);
			name = GiftRenderKit;
			productName = AiyaEffectSDK;
			productReference = D37926EA1FCD081A007DB5E8 /* GiftRenderKit.framework */;
			productType = "com.apple.product-type.framework";
		};
/* End PBXNativeTarget section */

/* Begin PBXProject section */
		D37926E11FCD081A007DB5E8 /* Project object */ = {
			isa = PBXProject;
			attributes = {
				LastUpgradeCheck = 0910;
				ORGANIZATIONNAME = "深圳市哎吖科技有限公司";
				TargetAttributes = {
					D37926E91FCD081A007DB5E8 = {
						CreatedOnToolsVersion = 9.1;
						ProvisioningStyle = Automatic;
					};
				};
			};
			buildConfigurationList = D37926E41FCD081A007DB5E8 /* Build configuration list for PBXProject "GiftRenderKit" */;
			compatibilityVersion = "Xcode 8.0";
			developmentRegion = en;
			hasScannedForEncodings = 0;
			knownRegions = (
				en,
			);
			mainGroup = D37926E01FCD081A007DB5E8;
			productRefGroup = D37926EB1FCD081A007DB5E8 /* Products */;
			projectDirPath = "";
			projectRoot = "";
			targets = (
				D37926E91FCD081A007DB5E8 /* GiftRenderKit */,
			);
		};
/* End PBXProject section */

/* Begin PBXResourcesBuildPhase section */
		D37926E81FCD081A007DB5E8 /* Resources */ = {
			isa = PBXResourcesBuildPhase;
			buildActionMask = 2147483647;
			files = (
			);
			runOnlyForDeploymentPostprocessing = 0;
		};
/* End PBXResourcesBuildPhase section */

/* Begin PBXSourcesBuildPhase section */
		D37926E51FCD081A007DB5E8 /* Sources */ = {
			isa = PBXSourcesBuildPhase;
			buildActionMask = 2147483647;
			files = (
				D390964D24E18B1D006D507B /* TinyGiftRender.mm in Sources */,
				D36926E91FCEBEAE00A00D12 /* MVYSDKAuthTool.m in Sources */,
				D390964A24E18B1C006D507B /* TinyGiftRenderAuth.mm in Sources */,
				D3AE5C821FF34D3F004D476B /* MVYGiftRenderWrapper.m in Sources */,
			);
			runOnlyForDeploymentPostprocessing = 0;
		};
/* End PBXSourcesBuildPhase section */

/* Begin XCBuildConfiguration section */
		D37926F01FCD081A007DB5E8 /* Debug */ = {
			isa = XCBuildConfiguration;
			buildSettings = {
				ALWAYS_SEARCH_USER_PATHS = NO;
				CLANG_ANALYZER_NONNULL = YES;
				CLANG_ANALYZER_NUMBER_OBJECT_CONVERSION = YES_AGGRESSIVE;
				CLANG_CXX_LANGUAGE_STANDARD = "gnu++14";
				CLANG_CXX_LIBRARY = "libc++";
				CLANG_ENABLE_MODULES = YES;
				CLANG_ENABLE_OBJC_ARC = YES;
				CLANG_WARN_BLOCK_CAPTURE_AUTORELEASING = YES;
				CLANG_WARN_BOOL_CONVERSION = YES;
				CLANG_WARN_COMMA = YES;
				CLANG_WARN_CONSTANT_CONVERSION = YES;
				CLANG_WARN_DIRECT_OBJC_ISA_USAGE = YES_ERROR;
				CLANG_WARN_DOCUMENTATION_COMMENTS = YES;
				CLANG_WARN_EMPTY_BODY = YES;
				CLANG_WARN_ENUM_CONVERSION = YES;
				CLANG_WARN_INFINITE_RECURSION = YES;
				CLANG_WARN_INT_CONVERSION = YES;
				CLANG_WARN_NON_LITERAL_NULL_CONVERSION = YES;
				CLANG_WARN_OBJC_LITERAL_CONVERSION = YES;
				CLANG_WARN_OBJC_ROOT_CLASS = YES_ERROR;
				CLANG_WARN_RANGE_LOOP_ANALYSIS = YES;
				CLANG_WARN_STRICT_PROTOTYPES = YES;
				CLANG_WARN_SUSPICIOUS_MOVE = YES;
				CLANG_WARN_UNGUARDED_AVAILABILITY = YES_AGGRESSIVE;
				CLANG_WARN_UNREACHABLE_CODE = YES;
				CLANG_WARN__DUPLICATE_METHOD_MATCH = YES;
				CODE_SIGN_IDENTITY = "iPhone Developer";
				COPY_PHASE_STRIP = NO;
				CURRENT_PROJECT_VERSION = 1;
				DEBUG_INFORMATION_FORMAT = dwarf;
				ENABLE_BITCODE = YES;
				ENABLE_STRICT_OBJC_MSGSEND = YES;
				ENABLE_TESTABILITY = YES;
				GCC_C_LANGUAGE_STANDARD = gnu11;
				GCC_DYNAMIC_NO_PIC = NO;
				GCC_NO_COMMON_BLOCKS = YES;
				GCC_OPTIMIZATION_LEVEL = 0;
				GCC_PREPROCESSOR_DEFINITIONS = (
					"DEBUG=1",
					"$(inherited)",
				);
				"GCC_PREPROCESSOR_DEFINITIONS[arch=*]" = (
					"DEBUG=1",
					"$(inherited)",
				);
				GCC_WARN_64_TO_32_BIT_CONVERSION = YES;
				GCC_WARN_ABOUT_RETURN_TYPE = YES_ERROR;
				GCC_WARN_UNDECLARED_SELECTOR = YES;
				GCC_WARN_UNINITIALIZED_AUTOS = YES_AGGRESSIVE;
				GCC_WARN_UNUSED_FUNCTION = YES;
				GCC_WARN_UNUSED_VARIABLE = YES;
				IPHONEOS_DEPLOYMENT_TARGET = 8.0;
				MTL_ENABLE_DEBUG_INFO = YES;
				ONLY_ACTIVE_ARCH = YES;
				OTHER_CFLAGS = "-fembed-bitcode";
				SDKROOT = iphoneos;
				VERSIONING_SYSTEM = "apple-generic";
				VERSION_INFO_PREFIX = "";
			};
			name = Debug;
		};
		D37926F11FCD081A007DB5E8 /* Release */ = {
			isa = XCBuildConfiguration;
			buildSettings = {
				ALWAYS_SEARCH_USER_PATHS = NO;
				CLANG_ANALYZER_NONNULL = YES;
				CLANG_ANALYZER_NUMBER_OBJECT_CONVERSION = YES_AGGRESSIVE;
				CLANG_CXX_LANGUAGE_STANDARD = "gnu++14";
				CLANG_CXX_LIBRARY = "libc++";
				CLANG_ENABLE_MODULES = YES;
				CLANG_ENABLE_OBJC_ARC = YES;
				CLANG_WARN_BLOCK_CAPTURE_AUTORELEASING = YES;
				CLANG_WARN_BOOL_CONVERSION = YES;
				CLANG_WARN_COMMA = YES;
				CLANG_WARN_CONSTANT_CONVERSION = YES;
				CLANG_WARN_DIRECT_OBJC_ISA_USAGE = YES_ERROR;
				CLANG_WARN_DOCUMENTATION_COMMENTS = YES;
				CLANG_WARN_EMPTY_BODY = YES;
				CLANG_WARN_ENUM_CONVERSION = YES;
				CLANG_WARN_INFINITE_RECURSION = YES;
				CLANG_WARN_INT_CONVERSION = YES;
				CLANG_WARN_NON_LITERAL_NULL_CONVERSION = YES;
				CLANG_WARN_OBJC_LITERAL_CONVERSION = YES;
				CLANG_WARN_OBJC_ROOT_CLASS = YES_ERROR;
				CLANG_WARN_RANGE_LOOP_ANALYSIS = YES;
				CLANG_WARN_STRICT_PROTOTYPES = YES;
				CLANG_WARN_SUSPICIOUS_MOVE = YES;
				CLANG_WARN_UNGUARDED_AVAILABILITY = YES_AGGRESSIVE;
				CLANG_WARN_UNREACHABLE_CODE = YES;
				CLANG_WARN__DUPLICATE_METHOD_MATCH = YES;
				CODE_SIGN_IDENTITY = "iPhone Developer";
				COPY_PHASE_STRIP = NO;
				CURRENT_PROJECT_VERSION = 1;
				DEBUG_INFORMATION_FORMAT = "dwarf-with-dsym";
				ENABLE_BITCODE = YES;
				ENABLE_NS_ASSERTIONS = NO;
				ENABLE_STRICT_OBJC_MSGSEND = YES;
				GCC_C_LANGUAGE_STANDARD = gnu11;
				GCC_NO_COMMON_BLOCKS = YES;
				GCC_WARN_64_TO_32_BIT_CONVERSION = YES;
				GCC_WARN_ABOUT_RETURN_TYPE = YES_ERROR;
				GCC_WARN_UNDECLARED_SELECTOR = YES;
				GCC_WARN_UNINITIALIZED_AUTOS = YES_AGGRESSIVE;
				GCC_WARN_UNUSED_FUNCTION = YES;
				GCC_WARN_UNUSED_VARIABLE = YES;
				IPHONEOS_DEPLOYMENT_TARGET = 8.0;
				MTL_ENABLE_DEBUG_INFO = NO;
				OTHER_CFLAGS = "-fembed-bitcode";
				SDKROOT = iphoneos;
				VALIDATE_PRODUCT = YES;
				VERSIONING_SYSTEM = "apple-generic";
				VERSION_INFO_PREFIX = "";
			};
			name = Release;
		};
		D37926F31FCD081A007DB5E8 /* Debug */ = {
			isa = XCBuildConfiguration;
			buildSettings = {
				CODE_SIGN_IDENTITY = "iPhone Developer";
				CODE_SIGN_STYLE = Automatic;
				DEFINES_MODULE = YES;
				DEVELOPMENT_TEAM = XF7HNQXZKK;
				DYLIB_COMPATIBILITY_VERSION = 1;
				DYLIB_CURRENT_VERSION = 1;
				DYLIB_INSTALL_NAME_BASE = "@rpath";
				ENABLE_BITCODE = YES;
				GCC_PREFIX_HEADER = "";
				INFOPLIST_FILE = "$(SRCROOT)/GiftRenderKit/Info.plist";
				INSTALL_PATH = "$(LOCAL_LIBRARY_DIR)/Frameworks";
				LD_RUNPATH_SEARCH_PATHS = "$(inherited) @executable_path/Frameworks @loader_path/Frameworks";
				LIBRARY_SEARCH_PATHS = (
					"$(inherited)",
					"\"$(SRCROOT)/GiftRenderKit/GiftRenderLib/FFmpeg\"",
					"\"$(SRCROOT)/GiftRenderKit/GiftRenderLib\"",
				);
				PRODUCT_BUNDLE_IDENTIFIER = com.myvideoyun.GiftRenderKit;
				PRODUCT_NAME = "$(TARGET_NAME:c99extidentifier)";
				SKIP_INSTALL = YES;
				TARGETED_DEVICE_FAMILY = 1;
				VALID_ARCHS = "arm64 arm64e armv7 armv7s i386 x86_64";
			};
			name = Debug;
		};
		D37926F41FCD081A007DB5E8 /* Release */ = {
			isa = XCBuildConfiguration;
			buildSettings = {
				CODE_SIGN_IDENTITY = "";
				CODE_SIGN_STYLE = Automatic;
				DEFINES_MODULE = YES;
				DEVELOPMENT_TEAM = XF7HNQXZKK;
				DYLIB_COMPATIBILITY_VERSION = 1;
				DYLIB_CURRENT_VERSION = 1;
				DYLIB_INSTALL_NAME_BASE = "@rpath";
				ENABLE_BITCODE = YES;
				GCC_PREFIX_HEADER = "";
				INFOPLIST_FILE = "$(SRCROOT)/GiftRenderKit/Info.plist";
				INSTALL_PATH = "$(LOCAL_LIBRARY_DIR)/Frameworks";
				LD_RUNPATH_SEARCH_PATHS = "$(inherited) @executable_path/Frameworks @loader_path/Frameworks";
				LIBRARY_SEARCH_PATHS = (
					"$(inherited)",
					"\"$(SRCROOT)/GiftRenderKit/GiftRenderLib/FFmpeg\"",
					"\"$(SRCROOT)/GiftRenderKit/GiftRenderLib\"",
				);
				ONLY_ACTIVE_ARCH = YES;
				PRODUCT_BUNDLE_IDENTIFIER = com.myvideoyun.GiftRenderKit;
				PRODUCT_NAME = "$(TARGET_NAME:c99extidentifier)";
				SKIP_INSTALL = YES;
				TARGETED_DEVICE_FAMILY = 1;
				VALID_ARCHS = "arm64 arm64e armv7 armv7s i386 x86_64";
			};
			name = Release;
		};
/* End XCBuildConfiguration section */

/* Begin XCConfigurationList section */
		D37926E41FCD081A007DB5E8 /* Build configuration list for PBXProject "GiftRenderKit" */ = {
			isa = XCConfigurationList;
			buildConfigurations = (
				D37926F01FCD081A007DB5E8 /* Debug */,
				D37926F11FCD081A007DB5E8 /* Release */,
			);
			defaultConfigurationIsVisible = 0;
			defaultConfigurationName = Release;
		};
		D37926F21FCD081A007DB5E8 /* Build configuration list for PBXNativeTarget "GiftRenderKit" */ = {
			isa = XCConfigurationList;
			buildConfigurations = (
				D37926F31FCD081A007DB5E8 /* Debug */,
				D37926F41FCD081A007DB5E8 /* Release */,
			);
			defaultConfigurationIsVisible = 0;
			defaultConfigurationName = Release;
		};
/* End XCConfigurationList section */
	};
	rootObject = D37926E11FCD081A007DB5E8 /* Project object */;
}
